
Microsoft Visual Studio Solution File, Format Version 11.00
# Visual Studio 2010
Project("{FAE04EC0-301F-11D3-BF4B-00C04F79EFBC}") = "HTTPNetwork", "HTTPNetwork\HTTPNetwork.csproj", "{BAC27B59-DCBE-41C5-80A5-B6A72DB4BFD2}"
EndProject
Global
	GlobalSection(SolutionConfigurationPlatforms) = preSolution
		Debug|Any CPU = Debug|Any CPU
		Release|Any CPU = Release|Any CPU
	EndGlobalSection
	GlobalSection(ProjectConfigurationPlatforms) = postSolution
		{BAC27B59-DCBE-41C5-80A5-B6A72DB4BFD2}.Debug|Any CPU.ActiveCfg = Debug|Any CPU
		{BAC27B59-DCBE-41C5-80A5-B6A72DB4BFD2}.Debug|Any CPU.Build.0 = Debug|Any CPU
		{BAC27B59-DCBE-41C5-80A5-B6A72DB4BFD2}.Release|Any CPU.ActiveCfg = Release|Any CPU
		{BAC27B59-DCBE-41C5-80A5-B6A72DB4BFD2}.Release|Any CPU.Build.0 = Release|Any CPU
	EndGlobalSection
	GlobalSection(SolutionProperties) = preSolution
		HideSolutionNode = FALSE
	EndGlobalSection
EndGlobal
